
Microsoft Visual Studio Solution File, Format Version 12.00
# Visual Studio Version 17
VisualStudioVersion = 17.6.33815.320
MinimumVisualStudioVersion = 10.0.40219.1
Project("{9A19103F-16F7-4668-BE54-9A1E7A4F7556}") = "KatmanliBurger_DATA", "KatmanliBurger_DATA\KatmanliBurger_DATA.csproj", "{0676F55B-89D5-49FB-A062-ED24D693268F}"
EndProject
Project("{9A19103F-16F7-4668-BE54-9A1E7A4F7556}") = "KatmanliBurger_DAL", "KatmanliBurger_DAL\KatmanliBurger_DAL.csproj", "{7C762BF6-4A62-4E5B-B7D1-9B935F947483}"
EndProject
Project("{9A19103F-16F7-4668-BE54-9A1E7A4F7556}") = "KatmanliBurger_Service", "KatmanliBurger_Service\KatmanliBurger_Service.csproj", "{A6172EC3-F61C-4CC7-81F3-165654194FE6}"
EndProject
Project("{FAE04EC0-301F-11D3-BF4B-00C04F79EFBC}") = "KatmanliBurger_WebUI", "KatmanliBurger_WebUI\KatmanliBurger_WebUI.csproj", "{55E04F0A-FE90-4C7C-9050-62A46272E83D}"
EndProject
Global
	GlobalSection(SolutionConfigurationPlatforms) = preSolution
		Debug|Any CPU = Debug|Any CPU
		Release|Any CPU = Release|Any CPU
	EndGlobalSection
	GlobalSection(ProjectConfigurationPlatforms) = postSolution
		{0676F55B-89D5-49FB-A062-ED24D693268F}.Debug|Any CPU.ActiveCfg = Debug|Any CPU
		{0676F55B-89D5-49FB-A062-ED24D693268F}.Debug|Any CPU.Build.0 = Debug|Any CPU
		{0676F55B-89D5-49FB-A062-ED24D693268F}.Release|Any CPU.ActiveCfg = Release|Any CPU
		{0676F55B-89D5-49FB-A062-ED24D693268F}.Release|Any CPU.Build.0 = Release|Any CPU
		{7C762BF6-4A62-4E5B-B7D1-9B935F947483}.Debug|Any CPU.ActiveCfg = Debug|Any CPU
		{7C762BF6-4A62-4E5B-B7D1-9B935F947483}.Debug|Any CPU.Build.0 = Debug|Any CPU
		{7C762BF6-4A62-4E5B-B7D1-9B935F947483}.Release|Any CPU.ActiveCfg = Release|Any CPU
		{7C762BF6-4A62-4E5B-B7D1-9B935F947483}.Release|Any CPU.Build.0 = Release|Any CPU
		{A6172EC3-F61C-4CC7-81F3-165654194FE6}.Debug|Any CPU.ActiveCfg = Debug|Any CPU
		{A6172EC3-F61C-4CC7-81F3-165654194FE6}.Debug|Any CPU.Build.0 = Debug|Any CPU
		{A6172EC3-F61C-4CC7-81F3-165654194FE6}.Release|Any CPU.ActiveCfg = Release|Any CPU
		{A6172EC3-F61C-4CC7-81F3-165654194FE6}.Release|Any CPU.Build.0 = Release|Any CPU
		{55E04F0A-FE90-4C7C-9050-62A46272E83D}.Debug|Any CPU.ActiveCfg = Debug|Any CPU
		{55E04F0A-FE90-4C7C-9050-62A46272E83D}.Debug|Any CPU.Build.0 = Debug|Any CPU
		{55E04F0A-FE90-4C7C-9050-62A46272E83D}.Release|Any CPU.ActiveCfg = Release|Any CPU
		{55E04F0A-FE90-4C7C-9050-62A46272E83D}.Release|Any CPU.Build.0 = Release|Any CPU
	EndGlobalSection
	GlobalSection(SolutionProperties) = preSolution
		HideSolutionNode = FALSE
	EndGlobalSection
	GlobalSection(ExtensibilityGlobals) = postSolution
		SolutionGuid = {6F3A1407-4C73-4D0B-BCD4-E5329784CBE1}
	EndGlobalSection
EndGlobal
